<?xml version="1.0" encoding="UTF-8" standalone="yes" ?>
<CodeBlocks_project_file>
	<FileVersion major="1" minor="6" />
	<Project>
		<Option title="FinalProject" />
		<Option pch_mode="2" />
		<Option compiler="gcc" />
		<Build>
			<Target title="Debug">
				<Option output="bin/Debug/FinalProject" prefix_auto="1" extension_auto="1" />
				<Option object_output="obj/Debug/" />
				<Option type="1" />
				<Option compiler="gcc" />
				<Compiler>
					<Add option="-g" />
					<Add directory="include" />
				</Compiler>
			</Target>
			<Target title="Release">
				<Option output="bin/Release/FinalProject" prefix_auto="1" extension_auto="1" />
				<Option object_output="obj/Release/" />
				<Option type="1" />
				<Option compiler="gcc" />
				<Compiler>
					<Add option="-O2" />
					<Add directory="include" />
				</Compiler>
				<Linker>
					<Add option="-s" />
				</Linker>
			</Target>
		</Build>
		<Compiler>
			<Add option="-Wall" />
		</Compiler>
		<Unit filename="include/Barrel_test.h" />
		<Unit filename="include/Bullet.h" />
		<Unit filename="include/Global.h" />
		<Unit filename="include/Humanoid.h" />
		<Unit filename="include/LButton.h" />
		<Unit filename="include/LTexture.h" />
		<Unit filename="include/Player.h" />
		<Unit filename="include/Player1.h" />
		<Unit filename="include/Player2.h" />
		<Unit filename="include/WeaponManager.h" />
		<Unit filename="include/Zombie.h" />
		<Unit filename="include/mana.h" />
		<Unit filename="src/Barrel_test.cpp" />
		<Unit filename="src/Bullet.cpp" />
		<Unit filename="src/Humanoid.cpp" />
		<Unit filename="src/LButton.cpp" />
		<Unit filename="src/LTexture.cpp" />
		<Unit filename="src/Player.cpp" />
		<Unit filename="src/Player1.cpp" />
		<Unit filename="src/Player2.cpp" />
		<Unit filename="src/WeaponManager.cpp" />
		<Unit filename="src/Zombie.cpp" />
		<Unit filename="src/finale.cpp" />
		<Unit filename="src/mana.cpp" />
		<Extensions>
			<code_completion />
			<envvars />
			<debugger />
			<lib_finder disable_auto="1" />
		</Extensions>
	</Project>
</CodeBlocks_project_file>
